// !$*UTF8*$!
{
	archiveVersion = 1;
	classes = {
	};
	objectVersion = 50;
	objects = {

/* Begin PBXBuildFile section */
		E92D39E727A7A00500AFDDCC /* ErrorToast.swift in Sources */ = {isa = PBXBuildFile; fileRef = E92D39E627A7A00500AFDDCC /* ErrorToast.swift */; };
		E92D39EC27A7A25200AFDDCC /* SuccessToast.swift in Sources */ = {isa = PBXBuildFile; fileRef = E92D39EB27A7A25200AFDDCC /* SuccessToast.swift */; };
		E92D39F127A7A2AA00AFDDCC /* WarningToast.swift in Sources */ = {isa = PBXBuildFile; fileRef = E92D39F027A7A2AA00AFDDCC /* WarningToast.swift */; };
		E92D39FE27A7A79600AFDDCC /* PostDetailsView.swift in Sources */ = {isa = PBXBuildFile; fileRef = E92D39FD27A7A79600AFDDCC /* PostDetailsView.swift */; };
		E94D1DEE27AA84CE00EA7CA6 /* SpinLoaderView.swift in Sources */ = {isa = PBXBuildFile; fileRef = E94D1DED27AA84CE00EA7CA6 /* SpinLoaderView.swift */; };
		E975673227B8C412002E3FF6 /* CartItemView.swift in Sources */ = {isa = PBXBuildFile; fileRef = E975673127B8C412002E3FF6 /* CartItemView.swift */; };
		E975673727B8CECF002E3FF6 /* CartViewModel.swift in Sources */ = {isa = PBXBuildFile; fileRef = E975673627B8CECF002E3FF6 /* CartViewModel.swift */; };
		E9B5B33427A6871A00C2B3D5 /* CommentView.swift in Sources */ = {isa = PBXBuildFile; fileRef = E9B5B33327A6871A00C2B3D5 /* CommentView.swift */; };
		E9B5B33927A6873000C2B3D5 /* PostUserView.swift in Sources */ = {isa = PBXBuildFile; fileRef = E9B5B33827A6873000C2B3D5 /* PostUserView.swift */; };
		E9B5B33E27A68A3300C2B3D5 /* CommentViewModel.swift in Sources */ = {isa = PBXBuildFile; fileRef = E9B5B33D27A68A3300C2B3D5 /* CommentViewModel.swift */; };
		E9B5B34327A6921F00C2B3D5 /* PostUserViewModel.swift in Sources */ = {isa = PBXBuildFile; fileRef = E9B5B34227A6921F00C2B3D5 /* PostUserViewModel.swift */; };
		E9C28DE427B5497900DBE08E /* ChartShapeModel.swift in Sources */ = {isa = PBXBuildFile; fileRef = E9C28DE327B5497900DBE08E /* ChartShapeModel.swift */; };
		E9C28DE927B5499600DBE08E /* ChartViewModel.swift in Sources */ = {isa = PBXBuildFile; fileRef = E9C28DE827B5499600DBE08E /* ChartViewModel.swift */; };
		E9D0AE8227A265E400C4CAAA /* OnlineShoppingApp_IOSApp.swift in Sources */ = {isa = PBXBuildFile; fileRef = E9D0AE8127A265E400C4CAAA /* OnlineShoppingApp_IOSApp.swift */; };
		E9D0AE8427A265E400C4CAAA /* DashBoardView.swift in Sources */ = {isa = PBXBuildFile; fileRef = E9D0AE8327A265E400C4CAAA /* DashBoardView.swift */; };
		E9D0AE8627A265E400C4CAAA /* Assets.xcassets in Resources */ = {isa = PBXBuildFile; fileRef = E9D0AE8527A265E400C4CAAA /* Assets.xcassets */; };
		E9D0AE8927A265E400C4CAAA /* Preview Assets.xcassets in Resources */ = {isa = PBXBuildFile; fileRef = E9D0AE8827A265E400C4CAAA /* Preview Assets.xcassets */; };
		E9D0AE9427A265E500C4CAAA /* OnlineShoppingApp_IOSTests.swift in Sources */ = {isa = PBXBuildFile; fileRef = E9D0AE9327A265E500C4CAAA /* OnlineShoppingApp_IOSTests.swift */; };
		E9D0AE9F27A265E500C4CAAA /* OnlineShoppingApp_IOSUITests.swift in Sources */ = {isa = PBXBuildFile; fileRef = E9D0AE9E27A265E500C4CAAA /* OnlineShoppingApp_IOSUITests.swift */; };
		E9D0AEBA27A272E200C4CAAA /* ContactView.swift in Sources */ = {isa = PBXBuildFile; fileRef = E9D0AEB927A272E200C4CAAA /* ContactView.swift */; };
		E9D0AEC227A2732500C4CAAA /* ProfileView.swift in Sources */ = {isa = PBXBuildFile; fileRef = E9D0AEC127A2732500C4CAAA /* ProfileView.swift */; };
		E9D0AEC727A2735300C4CAAA /* ChartShapeView.swift in Sources */ = {isa = PBXBuildFile; fileRef = E9D0AEC627A2735300C4CAAA /* ChartShapeView.swift */; };
		E9D0AECD27A2746C00C4CAAA /* MainContentView.swift in Sources */ = {isa = PBXBuildFile; fileRef = E9D0AECC27A2746C00C4CAAA /* MainContentView.swift */; };
		E9D0AED927A2896900C4CAAA /* ColorList.swift in Sources */ = {isa = PBXBuildFile; fileRef = E9D0AED827A2896900C4CAAA /* ColorList.swift */; };
		E9D0AEE727A2B97800C4CAAA /* CheckBoxRow.swift in Sources */ = {isa = PBXBuildFile; fileRef = E9D0AEE627A2B97800C4CAAA /* CheckBoxRow.swift */; };
		E9D0AEEE27A2BFD200C4CAAA /* ApiService.swift in Sources */ = {isa = PBXBuildFile; fileRef = E9D0AEED27A2BFD200C4CAAA /* ApiService.swift */; };
		E9D0AEF327A2C05C00C4CAAA /* DashBoardViewModel.swift in Sources */ = {isa = PBXBuildFile; fileRef = E9D0AEF227A2C05C00C4CAAA /* DashBoardViewModel.swift */; };
		E9D0AEF827A2C1A300C4CAAA /* DashBoardModel.swift in Sources */ = {isa = PBXBuildFile; fileRef = E9D0AEF727A2C1A300C4CAAA /* DashBoardModel.swift */; };
		E9D0AEFD27A2C7DD00C4CAAA /* UserDetailsListRow.swift in Sources */ = {isa = PBXBuildFile; fileRef = E9D0AEFC27A2C7DD00C4CAAA /* UserDetailsListRow.swift */; };
/* End PBXBuildFile section */

/* Begin PBXContainerItemProxy section */
		E9D0AE9027A265E500C4CAAA /* PBXContainerItemProxy */ = {
			isa = PBXContainerItemProxy;
			containerPortal = E9D0AE7627A265E400C4CAAA /* Project object */;
			proxyType = 1;
			remoteGlobalIDString = E9D0AE7D27A265E400C4CAAA;
			remoteInfo = "OnlineShoppingApp-IOS";
		};
		E9D0AE9B27A265E500C4CAAA /* PBXContainerItemProxy */ = {
			isa = PBXContainerItemProxy;
			containerPortal = E9D0AE7627A265E400C4CAAA /* Project object */;
			proxyType = 1;
			remoteGlobalIDString = E9D0AE7D27A265E400C4CAAA;
			remoteInfo = "OnlineShoppingApp-IOS";
		};
/* End PBXContainerItemProxy section */

/* Begin PBXFileReference section */
		E92D39E627A7A00500AFDDCC /* ErrorToast.swift */ = {isa = PBXFileReference; lastKnownFileType = sourcecode.swift; path = ErrorToast.swift; sourceTree = "<group>"; };
		E92D39EB27A7A25200AFDDCC /* SuccessToast.swift */ = {isa = PBXFileReference; lastKnownFileType = sourcecode.swift; path = SuccessToast.swift; sourceTree = "<group>"; };
		E92D39F027A7A2AA00AFDDCC /* WarningToast.swift */ = {isa = PBXFileReference; lastKnownFileType = sourcecode.swift; path = WarningToast.swift; sourceTree = "<group>"; };
		E92D39FD27A7A79600AFDDCC /* PostDetailsView.swift */ = {isa = PBXFileReference; lastKnownFileType = sourcecode.swift; path = PostDetailsView.swift; sourceTree = "<group>"; };
		E94D1DED27AA84CE00EA7CA6 /* SpinLoaderView.swift */ = {isa = PBXFileReference; lastKnownFileType = sourcecode.swift; path = SpinLoaderView.swift; sourceTree = "<group>"; };
		E975673127B8C412002E3FF6 /* CartItemView.swift */ = {isa = PBXFileReference; lastKnownFileType = sourcecode.swift; path = CartItemView.swift; sourceTree = "<group>"; };
		E975673627B8CECF002E3FF6 /* CartViewModel.swift */ = {isa = PBXFileReference; lastKnownFileType = sourcecode.swift; path = CartViewModel.swift; sourceTree = "<group>"; };
		E9B5B33327A6871A00C2B3D5 /* CommentView.swift */ = {isa = PBXFileReference; lastKnownFileType = sourcecode.swift; path = CommentView.swift; sourceTree = "<group>"; };
		E9B5B33827A6873000C2B3D5 /* PostUserView.swift */ = {isa = PBXFileReference; lastKnownFileType = sourcecode.swift; path = PostUserView.swift; sourceTree = "<group>"; };
		E9B5B33D27A68A3300C2B3D5 /* CommentViewModel.swift */ = {isa = PBXFileReference; lastKnownFileType = sourcecode.swift; path = CommentViewModel.swift; sourceTree = "<group>"; };
		E9B5B34227A6921F00C2B3D5 /* PostUserViewModel.swift */ = {isa = PBXFileReference; lastKnownFileType = sourcecode.swift; path = PostUserViewModel.swift; sourceTree = "<group>"; };
		E9C28DE327B5497900DBE08E /* ChartShapeModel.swift */ = {isa = PBXFileReference; lastKnownFileType = sourcecode.swift; path = ChartShapeModel.swift; sourceTree = "<group>"; };
		E9C28DE827B5499600DBE08E /* ChartViewModel.swift */ = {isa = PBXFileReference; lastKnownFileType = sourcecode.swift; path = ChartViewModel.swift; sourceTree = "<group>"; };
		E9D0AE7E27A265E400C4CAAA /* OnlineShoppingApp-IOS.app */ = {isa = PBXFileReference; explicitFileType = wrapper.application; includeInIndex = 0; path = "OnlineShoppingApp-IOS.app"; sourceTree = BUILT_PRODUCTS_DIR; };
		E9D0AE8127A265E400C4CAAA /* OnlineShoppingApp_IOSApp.swift */ = {isa = PBXFileReference; lastKnownFileType = sourcecode.swift; path = OnlineShoppingApp_IOSApp.swift; sourceTree = "<group>"; };
		E9D0AE8327A265E400C4CAAA /* DashBoardView.swift */ = {isa = PBXFileReference; lastKnownFileType = sourcecode.swift; path = DashBoardView.swift; sourceTree = "<group>"; };
		E9D0AE8527A265E400C4CAAA /* Assets.xcassets */ = {isa = PBXFileReference; lastKnownFileType = folder.assetcatalog; path = Assets.xcassets; sourceTree = "<group>"; };
		E9D0AE8827A265E400C4CAAA /* Preview Assets.xcassets */ = {isa = PBXFileReference; lastKnownFileType = folder.assetcatalog; path = "Preview Assets.xcassets"; sourceTree = "<group>"; };
		E9D0AE8A27A265E400C4CAAA /* Info.plist */ = {isa = PBXFileReference; lastKnownFileType = text.plist.xml; path = Info.plist; sourceTree = "<group>"; };
		E9D0AE8F27A265E500C4CAAA /* OnlineShoppingApp-IOSTests.xctest */ = {isa = PBXFileReference; explicitFileType = wrapper.cfbundle; includeInIndex = 0; path = "OnlineShoppingApp-IOSTests.xctest"; sourceTree = BUILT_PRODUCTS_DIR; };
		E9D0AE9327A265E500C4CAAA /* OnlineShoppingApp_IOSTests.swift */ = {isa = PBXFileReference; lastKnownFileType = sourcecode.swift; path = OnlineShoppingApp_IOSTests.swift; sourceTree = "<group>"; };
		E9D0AE9527A265E500C4CAAA /* Info.plist */ = {isa = PBXFileReference; lastKnownFileType = text.plist.xml; path = Info.plist; sourceTree = "<group>"; };
		E9D0AE9A27A265E500C4CAAA /* OnlineShoppingApp-IOSUITests.xctest */ = {isa = PBXFileReference; explicitFileType = wrapper.cfbundle; includeInIndex = 0; path = "OnlineShoppingApp-IOSUITests.xctest"; sourceTree = BUILT_PRODUCTS_DIR; };
		E9D0AE9E27A265E500C4CAAA /* OnlineShoppingApp_IOSUITests.swift */ = {isa = PBXFileReference; lastKnownFileType = sourcecode.swift; path = OnlineShoppingApp_IOSUITests.swift; sourceTree = "<group>"; };
		E9D0AEA027A265E500C4CAAA /* Info.plist */ = {isa = PBXFileReference; lastKnownFileType = text.plist.xml; path = Info.plist; sourceTree = "<group>"; };
		E9D0AEB927A272E200C4CAAA /* ContactView.swift */ = {isa = PBXFileReference; lastKnownFileType = sourcecode.swift; path = ContactView.swift; sourceTree = "<group>"; };
		E9D0AEC127A2732500C4CAAA /* ProfileView.swift */ = {isa = PBXFileReference; lastKnownFileType = sourcecode.swift; path = ProfileView.swift; sourceTree = "<group>"; };
		E9D0AEC627A2735300C4CAAA /* ChartShapeView.swift */ = {isa = PBXFileReference; lastKnownFileType = sourcecode.swift; path = ChartShapeView.swift; sourceTree = "<group>"; };
		E9D0AECC27A2746C00C4CAAA /* MainContentView.swift */ = {isa = PBXFileReference; lastKnownFileType = sourcecode.swift; path = MainContentView.swift; sourceTree = "<group>"; };
		E9D0AED827A2896900C4CAAA /* ColorList.swift */ = {isa = PBXFileReference; lastKnownFileType = sourcecode.swift; path = ColorList.swift; sourceTree = "<group>"; };
		E9D0AEE627A2B97800C4CAAA /* CheckBoxRow.swift */ = {isa = PBXFileReference; lastKnownFileType = sourcecode.swift; path = CheckBoxRow.swift; sourceTree = "<group>"; };
		E9D0AEED27A2BFD200C4CAAA /* ApiService.swift */ = {isa = PBXFileReference; lastKnownFileType = sourcecode.swift; path = ApiService.swift; sourceTree = "<group>"; };
		E9D0AEF227A2C05C00C4CAAA /* DashBoardViewModel.swift */ = {isa = PBXFileReference; lastKnownFileType = sourcecode.swift; path = DashBoardViewModel.swift; sourceTree = "<group>"; };
		E9D0AEF727A2C1A300C4CAAA /* DashBoardModel.swift */ = {isa = PBXFileReference; lastKnownFileType = sourcecode.swift; path = DashBoardModel.swift; sourceTree = "<group>"; };
		E9D0AEFC27A2C7DD00C4CAAA /* UserDetailsListRow.swift */ = {isa = PBXFileReference; lastKnownFileType = sourcecode.swift; path = UserDetailsListRow.swift; sourceTree = "<group>"; };
/* End PBXFileReference section */

/* Begin PBXFrameworksBuildPhase section */
		E9D0AE7B27A265E400C4CAAA /* Frameworks */ = {
			isa = PBXFrameworksBuildPhase;
			buildActionMask = 2147483647;
			files = (
			);
			runOnlyForDeploymentPostprocessing = 0;
		};
		E9D0AE8C27A265E400C4CAAA /* Frameworks */ = {
			isa = PBXFrameworksBuildPhase;
			buildActionMask = 2147483647;
			files = (
			);
			runOnlyForDeploymentPostprocessing = 0;
		};
		E9D0AE9727A265E500C4CAAA /* Frameworks */ = {
			isa = PBXFrameworksBuildPhase;
			buildActionMask = 2147483647;
			files = (
			);
			runOnlyForDeploymentPostprocessing = 0;
		};
/* End PBXFrameworksBuildPhase section */

/* Begin PBXGroup section */
		E975673027B8C3B8002E3FF6 /* cart */ = {
			isa = PBXGroup;
			children = (
				E975673127B8C412002E3FF6 /* CartItemView.swift */,
				E975673627B8CECF002E3FF6 /* CartViewModel.swift */,
			);
			path = cart;
			sourceTree = "<group>";
		};
		E9D0AE7527A265E400C4CAAA = {
			isa = PBXGroup;
			children = (
				E9D0AE8027A265E400C4CAAA /* OnlineShoppingApp-IOS */,
				E9D0AE9227A265E500C4CAAA /* OnlineShoppingApp-IOSTests */,
				E9D0AE9D27A265E500C4CAAA /* OnlineShoppingApp-IOSUITests */,
				E9D0AE7F27A265E400C4CAAA /* Products */,
			);
			sourceTree = "<group>";
		};
		E9D0AE7F27A265E400C4CAAA /* Products */ = {
			isa = PBXGroup;
			children = (
				E9D0AE7E27A265E400C4CAAA /* OnlineShoppingApp-IOS.app */,
				E9D0AE8F27A265E500C4CAAA /* OnlineShoppingApp-IOSTests.xctest */,
				E9D0AE9A27A265E500C4CAAA /* OnlineShoppingApp-IOSUITests.xctest */,
			);
			name = Products;
			sourceTree = "<group>";
		};
		E9D0AE8027A265E400C4CAAA /* OnlineShoppingApp-IOS */ = {
			isa = PBXGroup;
			children = (
				E975673027B8C3B8002E3FF6 /* cart */,
				E9D0AEEC27A2BFAB00C4CAAA /* network */,
				E9D0AED727A2892D00C4CAAA /* utility */,
				E9D0AECB27A2742B00C4CAAA /* main */,
				E9D0AEB827A2729400C4CAAA /* contact */,
				E9D0AEB427A2720300C4CAAA /* chart */,
				E9D0AEB327A271DD00C4CAAA /* dashboard */,
				E9D0AEB227A271C200C4CAAA /* profile */,
				E9D0AE8127A265E400C4CAAA /* OnlineShoppingApp_IOSApp.swift */,
				E9D0AE8527A265E400C4CAAA /* Assets.xcassets */,
				E9D0AE8A27A265E400C4CAAA /* Info.plist */,
				E9D0AE8727A265E400C4CAAA /* Preview Content */,
			);
			path = "OnlineShoppingApp-IOS";
			sourceTree = "<group>";
		};
		E9D0AE8727A265E400C4CAAA /* Preview Content */ = {
			isa = PBXGroup;
			children = (
				E9D0AE8827A265E400C4CAAA /* Preview Assets.xcassets */,
			);
			path = "Preview Content";
			sourceTree = "<group>";
		};
		E9D0AE9227A265E500C4CAAA /* OnlineShoppingApp-IOSTests */ = {
			isa = PBXGroup;
			children = (
				E9D0AE9327A265E500C4CAAA /* OnlineShoppingApp_IOSTests.swift */,
				E9D0AE9527A265E500C4CAAA /* Info.plist */,
			);
			path = "OnlineShoppingApp-IOSTests";
			sourceTree = "<group>";
		};
		E9D0AE9D27A265E500C4CAAA /* OnlineShoppingApp-IOSUITests */ = {
			isa = PBXGroup;
			children = (
				E9D0AE9E27A265E500C4CAAA /* OnlineShoppingApp_IOSUITests.swift */,
				E9D0AEA027A265E500C4CAAA /* Info.plist */,
			);
			path = "OnlineShoppingApp-IOSUITests";
			sourceTree = "<group>";
		};
		E9D0AEB227A271C200C4CAAA /* profile */ = {
			isa = PBXGroup;
			children = (
				E9D0AEC127A2732500C4CAAA /* ProfileView.swift */,
			);
			path = profile;
			sourceTree = "<group>";
		};
		E9D0AEB327A271DD00C4CAAA /* dashboard */ = {
			isa = PBXGroup;
			children = (
				E9D0AE8327A265E400C4CAAA /* DashBoardView.swift */,
				E9D0AEF227A2C05C00C4CAAA /* DashBoardViewModel.swift */,
				E9D0AEF727A2C1A300C4CAAA /* DashBoardModel.swift */,
				E9D0AEFC27A2C7DD00C4CAAA /* UserDetailsListRow.swift */,
				E9B5B33327A6871A00C2B3D5 /* CommentView.swift */,
				E9B5B33827A6873000C2B3D5 /* PostUserView.swift */,
				E9B5B33D27A68A3300C2B3D5 /* CommentViewModel.swift */,
				E9B5B34227A6921F00C2B3D5 /* PostUserViewModel.swift */,
				E92D39FD27A7A79600AFDDCC /* PostDetailsView.swift */,
			);
			path = dashboard;
			sourceTree = "<group>";
		};
		E9D0AEB427A2720300C4CAAA /* chart */ = {
			isa = PBXGroup;
			children = (
				E9D0AEC627A2735300C4CAAA /* ChartShapeView.swift */,
				E9C28DE327B5497900DBE08E /* ChartShapeModel.swift */,
				E9C28DE827B5499600DBE08E /* ChartViewModel.swift */,
			);
			path = chart;
			sourceTree = "<group>";
		};
		E9D0AEB827A2729400C4CAAA /* contact */ = {
			isa = PBXGroup;
			children = (
				E9D0AEB927A272E200C4CAAA /* ContactView.swift */,
			);
			path = contact;
			sourceTree = "<group>";
		};
		E9D0AECB27A2742B00C4CAAA /* main */ = {
			isa = PBXGroup;
			children = (
				E9D0AECC27A2746C00C4CAAA /* MainContentView.swift */,
			);
			path = main;
			sourceTree = "<group>";
		};
		E9D0AED727A2892D00C4CAAA /* utility */ = {
			isa = PBXGroup;
			children = (
				E9D0AED827A2896900C4CAAA /* ColorList.swift */,
				E9D0AEE627A2B97800C4CAAA /* CheckBoxRow.swift */,
				E92D39E627A7A00500AFDDCC /* ErrorToast.swift */,
				E92D39EB27A7A25200AFDDCC /* SuccessToast.swift */,
				E92D39F027A7A2AA00AFDDCC /* WarningToast.swift */,
				E94D1DED27AA84CE00EA7CA6 /* SpinLoaderView.swift */,
			);
			path = utility;
			sourceTree = "<group>";
		};
		E9D0AEEC27A2BFAB00C4CAAA /* network */ = {
			isa = PBXGroup;
			children = (
				E9D0AEED27A2BFD200C4CAAA /* ApiService.swift */,
			);
			path = network;
			sourceTree = "<group>";
		};
/* End PBXGroup section */

/* Begin PBXNativeTarget section */
		E9D0AE7D27A265E400C4CAAA /* OnlineShoppingApp-IOS */ = {
			isa = PBXNativeTarget;
			buildConfigurationList = E9D0AEA327A265E500C4CAAA /* Build configuration list for PBXNativeTarget "OnlineShoppingApp-IOS" */;
			buildPhases = (
				E9D0AE7A27A265E400C4CAAA /* Sources */,
				E9D0AE7B27A265E400C4CAAA /* Frameworks */,
				E9D0AE7C27A265E400C4CAAA /* Resources */,
			);
			buildRules = (
			);
			dependencies = (
			);
			name = "OnlineShoppingApp-IOS";
			productName = "OnlineShoppingApp-IOS";
			productReference = E9D0AE7E27A265E400C4CAAA /* OnlineShoppingApp-IOS.app */;
			productType = "com.apple.product-type.application";
		};
		E9D0AE8E27A265E400C4CAAA /* OnlineShoppingApp-IOSTests */ = {
			isa = PBXNativeTarget;
			buildConfigurationList = E9D0AEA627A265E500C4CAAA /* Build configuration list for PBXNativeTarget "OnlineShoppingApp-IOSTests" */;
			buildPhases = (
				E9D0AE8B27A265E400C4CAAA /* Sources */,
				E9D0AE8C27A265E400C4CAAA /* Frameworks */,
				E9D0AE8D27A265E400C4CAAA /* Resources */,
			);
			buildRules = (
			);
			dependencies = (
				E9D0AE9127A265E500C4CAAA /* PBXTargetDependency */,
			);
			name = "OnlineShoppingApp-IOSTests";
			productName = "OnlineShoppingApp-IOSTests";
			productReference = E9D0AE8F27A265E500C4CAAA /* OnlineShoppingApp-IOSTests.xctest */;
			productType = "com.apple.product-type.bundle.unit-test";
		};
		E9D0AE9927A265E500C4CAAA /* OnlineShoppingApp-IOSUITests */ = {
			isa = PBXNativeTarget;
			buildConfigurationList = E9D0AEA927A265E500C4CAAA /* Build configuration list for PBXNativeTarget "OnlineShoppingApp-IOSUITests" */;
			buildPhases = (
				E9D0AE9627A265E500C4CAAA /* Sources */,
				E9D0AE9727A265E500C4CAAA /* Frameworks */,
				E9D0AE9827A265E500C4CAAA /* Resources */,
			);
			buildRules = (
			);
			dependencies = (
				E9D0AE9C27A265E500C4CAAA /* PBXTargetDependency */,
			);
			name = "OnlineShoppingApp-IOSUITests";
			productName = "OnlineShoppingApp-IOSUITests";
			productReference = E9D0AE9A27A265E500C4CAAA /* OnlineShoppingApp-IOSUITests.xctest */;
			productType = "com.apple.product-type.bundle.ui-testing";
		};
/* End PBXNativeTarget section */

/* Begin PBXProject section */
		E9D0AE7627A265E400C4CAAA /* Project object */ = {
			isa = PBXProject;
			attributes = {
				LastSwiftUpdateCheck = 1240;
				LastUpgradeCheck = 1240;
				TargetAttributes = {
					E9D0AE7D27A265E400C4CAAA = {
						CreatedOnToolsVersion = 12.4;
					};
					E9D0AE8E27A265E400C4CAAA = {
						CreatedOnToolsVersion = 12.4;
						TestTargetID = E9D0AE7D27A265E400C4CAAA;
					};
					E9D0AE9927A265E500C4CAAA = {
						CreatedOnToolsVersion = 12.4;
						TestTargetID = E9D0AE7D27A265E400C4CAAA;
					};
				};
			};
			buildConfigurationList = E9D0AE7927A265E400C4CAAA /* Build configuration list for PBXProject "OnlineShoppingApp-IOS" */;
			compatibilityVersion = "Xcode 9.3";
			developmentRegion = en;
			hasScannedForEncodings = 0;
			knownRegions = (
				en,
				Base,
			);
			mainGroup = E9D0AE7527A265E400C4CAAA;
			productRefGroup = E9D0AE7F27A265E400C4CAAA /* Products */;
			projectDirPath = "";
			projectRoot = "";
			targets = (
				E9D0AE7D27A265E400C4CAAA /* OnlineShoppingApp-IOS */,
				E9D0AE8E27A265E400C4CAAA /* OnlineShoppingApp-IOSTests */,
				E9D0AE9927A265E500C4CAAA /* OnlineShoppingApp-IOSUITests */,
			);
		};
/* End PBXProject section */

/* Begin PBXResourcesBuildPhase section */
		E9D0AE7C27A265E400C4CAAA /* Resources */ = {
			isa = PBXResourcesBuildPhase;
			buildActionMask = 2147483647;
			files = (
				E9D0AE8927A265E400C4CAAA /* Preview Assets.xcassets in Resources */,
				E9D0AE8627A265E400C4CAAA /* Assets.xcassets in Resources */,
			);
			runOnlyForDeploymentPostprocessing = 0;
		};
		E9D0AE8D27A265E400C4CAAA /* Resources */ = {
			isa = PBXResourcesBuildPhase;
			buildActionMask = 2147483647;
			files = (
			);
			runOnlyForDeploymentPostprocessing = 0;
		};
		E9D0AE9827A265E500C4CAAA /* Resources */ = {
			isa = PBXResourcesBuildPhase;
			buildActionMask = 2147483647;
			files = (
			);
			runOnlyForDeploymentPostprocessing = 0;
		};
/* End PBXResourcesBuildPhase section */

/* Begin PBXSourcesBuildPhase section */
		E9D0AE7A27A265E400C4CAAA /* Sources */ = {
			isa = PBXSourcesBuildPhase;
			buildActionMask = 2147483647;
			files = (
				E92D39F127A7A2AA00AFDDCC /* WarningToast.swift in Sources */,
				E9B5B34327A6921F00C2B3D5 /* PostUserViewModel.swift in Sources */,
				E9B5B33927A6873000C2B3D5 /* PostUserView.swift in Sources */,
				E9D0AEC227A2732500C4CAAA /* ProfileView.swift in Sources */,
				E9B5B33427A6871A00C2B3D5 /* CommentView.swift in Sources */,
				E9B5B33E27A68A3300C2B3D5 /* CommentViewModel.swift in Sources */,
				E94D1DEE27AA84CE00EA7CA6 /* SpinLoaderView.swift in Sources */,
				E92D39EC27A7A25200AFDDCC /* SuccessToast.swift in Sources */,
				E9C28DE927B5499600DBE08E /* ChartViewModel.swift in Sources */,
				E975673227B8C412002E3FF6 /* CartItemView.swift in Sources */,
				E92D39FE27A7A79600AFDDCC /* PostDetailsView.swift in Sources */,
				E9D0AEF827A2C1A300C4CAAA /* DashBoardModel.swift in Sources */,
				E9D0AED927A2896900C4CAAA /* ColorList.swift in Sources */,
				E9D0AE8427A265E400C4CAAA /* DashBoardView.swift in Sources */,
				E9D0AEFD27A2C7DD00C4CAAA /* UserDetailsListRow.swift in Sources */,
				E9D0AEE727A2B97800C4CAAA /* CheckBoxRow.swift in Sources */,
				E975673727B8CECF002E3FF6 /* CartViewModel.swift in Sources */,
				E92D39E727A7A00500AFDDCC /* ErrorToast.swift in Sources */,
				E9D0AEBA27A272E200C4CAAA /* ContactView.swift in Sources */,
				E9D0AEF327A2C05C00C4CAAA /* DashBoardViewModel.swift in Sources */,
				E9D0AEEE27A2BFD200C4CAAA /* ApiService.swift in Sources */,
				E9C28DE427B5497900DBE08E /* ChartShapeModel.swift in Sources */,
				E9D0AEC727A2735300C4CAAA /* ChartShapeView.swift in Sources */,
				E9D0AE8227A265E400C4CAAA /* OnlineShoppingApp_IOSApp.swift in Sources */,
				E9D0AECD27A2746C00C4CAAA /* MainContentView.swift in Sources */,
			);
			runOnlyForDeploymentPostprocessing = 0;
		};
		E9D0AE8B27A265E400C4CAAA /* Sources */ = {
			isa = PBXSourcesBuildPhase;
			buildActionMask = 2147483647;
			files = (
				E9D0AE9427A265E500C4CAAA /* OnlineShoppingApp_IOSTests.swift in Sources */,
			);
			runOnlyForDeploymentPostprocessing = 0;
		};
		E9D0AE9627A265E500C4CAAA /* Sources */ = {
			isa = PBXSourcesBuildPhase;
			buildActionMask = 2147483647;
			files = (
				E9D0AE9F27A265E500C4CAAA /* OnlineShoppingApp_IOSUITests.swift in Sources */,
			);
			runOnlyForDeploymentPostprocessing = 0;
		};
/* End PBXSourcesBuildPhase section */

/* Begin PBXTargetDependency section */
		E9D0AE9127A265E500C4CAAA /* PBXTargetDependency */ = {
			isa = PBXTargetDependency;
			target = E9D0AE7D27A265E400C4CAAA /* OnlineShoppingApp-IOS */;
			targetProxy = E9D0AE9027A265E500C4CAAA /* PBXContainerItemProxy */;
		};
		E9D0AE9C27A265E500C4CAAA /* PBXTargetDependency */ = {
			isa = PBXTargetDependency;
			target = E9D0AE7D27A265E400C4CAAA /* OnlineShoppingApp-IOS */;
			targetProxy = E9D0AE9B27A265E500C4CAAA /* PBXContainerItemProxy */;
		};
/* End PBXTargetDependency section */

/* Begin XCBuildConfiguration section */
		E9D0AEA127A265E500C4CAAA /* Debug */ = {
			isa = XCBuildConfiguration;
			buildSettings = {
				ALWAYS_SEARCH_USER_PATHS = NO;
				CLANG_ANALYZER_NONNULL = YES;
				CLANG_ANALYZER_NUMBER_OBJECT_CONVERSION = YES_AGGRESSIVE;
				CLANG_CXX_LANGUAGE_STANDARD = "gnu++14";
				CLANG_CXX_LIBRARY = "libc++";
				CLANG_ENABLE_MODULES = YES;
				CLANG_ENABLE_OBJC_ARC = YES;
				CLANG_ENABLE_OBJC_WEAK = YES;
				CLANG_WARN_BLOCK_CAPTURE_AUTORELEASING = YES;
				CLANG_WARN_BOOL_CONVERSION = YES;
				CLANG_WARN_COMMA = YES;
				CLANG_WARN_CONSTANT_CONVERSION = YES;
				CLANG_WARN_DEPRECATED_OBJC_IMPLEMENTATIONS = YES;
				CLANG_WARN_DIRECT_OBJC_ISA_USAGE = YES_ERROR;
				CLANG_WARN_DOCUMENTATION_COMMENTS = YES;
				CLANG_WARN_EMPTY_BODY = YES;
				CLANG_WARN_ENUM_CONVERSION = YES;
				CLANG_WARN_INFINITE_RECURSION = YES;
				CLANG_WARN_INT_CONVERSION = YES;
				CLANG_WARN_NON_LITERAL_NULL_CONVERSION = YES;
				CLANG_WARN_OBJC_IMPLICIT_RETAIN_SELF = YES;
				CLANG_WARN_OBJC_LITERAL_CONVERSION = YES;
				CLANG_WARN_OBJC_ROOT_CLASS = YES_ERROR;
				CLANG_WARN_QUOTED_INCLUDE_IN_FRAMEWORK_HEADER = YES;
				CLANG_WARN_RANGE_LOOP_ANALYSIS = YES;
				CLANG_WARN_STRICT_PROTOTYPES = YES;
				CLANG_WARN_SUSPICIOUS_MOVE = YES;
				CLANG_WARN_UNGUARDED_AVAILABILITY = YES_AGGRESSIVE;
				CLANG_WARN_UNREACHABLE_CODE = YES;
				CLANG_WARN__DUPLICATE_METHOD_MATCH = YES;
				COPY_PHASE_STRIP = NO;
				DEBUG_INFORMATION_FORMAT = dwarf;
				ENABLE_STRICT_OBJC_MSGSEND = YES;
				ENABLE_TESTABILITY = YES;
				GCC_C_LANGUAGE_STANDARD = gnu11;
				GCC_DYNAMIC_NO_PIC = NO;
				GCC_NO_COMMON_BLOCKS = YES;
				GCC_OPTIMIZATION_LEVEL = 0;
				GCC_PREPROCESSOR_DEFINITIONS = (
					"DEBUG=1",
					"$(inherited)",
				);
				GCC_WARN_64_TO_32_BIT_CONVERSION = YES;
				GCC_WARN_ABOUT_RETURN_TYPE = YES_ERROR;
				GCC_WARN_UNDECLARED_SELECTOR = YES;
				GCC_WARN_UNINITIALIZED_AUTOS = YES_AGGRESSIVE;
				GCC_WARN_UNUSED_FUNCTION = YES;
				GCC_WARN_UNUSED_VARIABLE = YES;
				IPHONEOS_DEPLOYMENT_TARGET = 14.4;
				MTL_ENABLE_DEBUG_INFO = INCLUDE_SOURCE;
				MTL_FAST_MATH = YES;
				ONLY_ACTIVE_ARCH = YES;
				SDKROOT = iphoneos;
				SWIFT_ACTIVE_COMPILATION_CONDITIONS = DEBUG;
				SWIFT_OPTIMIZATION_LEVEL = "-Onone";
			};
			name = Debug;
		};
		E9D0AEA227A265E500C4CAAA /* Release */ = {
			isa = XCBuildConfiguration;
			buildSettings = {
				ALWAYS_SEARCH_USER_PATHS = NO;
				CLANG_ANALYZER_NONNULL = YES;
				CLANG_ANALYZER_NUMBER_OBJECT_CONVERSION = YES_AGGRESSIVE;
				CLANG_CXX_LANGUAGE_STANDARD = "gnu++14";
				CLANG_CXX_LIBRARY = "libc++";
				CLANG_ENABLE_MODULES = YES;
				CLANG_ENABLE_OBJC_ARC = YES;
				CLANG_ENABLE_OBJC_WEAK = YES;
				CLANG_WARN_BLOCK_CAPTURE_AUTORELEASING = YES;
				CLANG_WARN_BOOL_CONVERSION = YES;
				CLANG_WARN_COMMA = YES;
				CLANG_WARN_CONSTANT_CONVERSION = YES;
				CLANG_WARN_DEPRECATED_OBJC_IMPLEMENTATIONS = YES;
				CLANG_WARN_DIRECT_OBJC_ISA_USAGE = YES_ERROR;
				CLANG_WARN_DOCUMENTATION_COMMENTS = YES;
				CLANG_WARN_EMPTY_BODY = YES;
				CLANG_WARN_ENUM_CONVERSION = YES;
				CLANG_WARN_INFINITE_RECURSION = YES;
				CLANG_WARN_INT_CONVERSION = YES;
				CLANG_WARN_NON_LITERAL_NULL_CONVERSION = YES;
				CLANG_WARN_OBJC_IMPLICIT_RETAIN_SELF = YES;
				CLANG_WARN_OBJC_LITERAL_CONVERSION = YES;
				CLANG_WARN_OBJC_ROOT_CLASS = YES_ERROR;
				CLANG_WARN_QUOTED_INCLUDE_IN_FRAMEWORK_HEADER = YES;
				CLANG_WARN_RANGE_LOOP_ANALYSIS = YES;
				CLANG_WARN_STRICT_PROTOTYPES = YES;
				CLANG_WARN_SUSPICIOUS_MOVE = YES;
				CLANG_WARN_UNGUARDED_AVAILABILITY = YES_AGGRESSIVE;
				CLANG_WARN_UNREACHABLE_CODE = YES;
				CLANG_WARN__DUPLICATE_METHOD_MATCH = YES;
				COPY_PHASE_STRIP = NO;
				DEBUG_INFORMATION_FORMAT = "dwarf-with-dsym";
				ENABLE_NS_ASSERTIONS = NO;
				ENABLE_STRICT_OBJC_MSGSEND = YES;
				GCC_C_LANGUAGE_STANDARD = gnu11;
				GCC_NO_COMMON_BLOCKS = YES;
				GCC_WARN_64_TO_32_BIT_CONVERSION = YES;
				GCC_WARN_ABOUT_RETURN_TYPE = YES_ERROR;
				GCC_WARN_UNDECLARED_SELECTOR = YES;
				GCC_WARN_UNINITIALIZED_AUTOS = YES_AGGRESSIVE;
				GCC_WARN_UNUSED_FUNCTION = YES;
				GCC_WARN_UNUSED_VARIABLE = YES;
				IPHONEOS_DEPLOYMENT_TARGET = 14.4;
				MTL_ENABLE_DEBUG_INFO = NO;
				MTL_FAST_MATH = YES;
				SDKROOT = iphoneos;
				SWIFT_COMPILATION_MODE = wholemodule;
				SWIFT_OPTIMIZATION_LEVEL = "-O";
				VALIDATE_PRODUCT = YES;
			};
			name = Release;
		};
		E9D0AEA427A265E500C4CAAA /* Debug */ = {
			isa = XCBuildConfiguration;
			buildSettings = {
				ASSETCATALOG_COMPILER_APPICON_NAME = AppIcon;
				ASSETCATALOG_COMPILER_GLOBAL_ACCENT_COLOR_NAME = AccentColor;
				CODE_SIGN_STYLE = Automatic;
				DEVELOPMENT_ASSET_PATHS = "\"OnlineShoppingApp-IOS/Preview Content\"";
				DEVELOPMENT_TEAM = S4URTZSW72;
				ENABLE_PREVIEWS = YES;
				INFOPLIST_FILE = "OnlineShoppingApp-IOS/Info.plist";
				IPHONEOS_DEPLOYMENT_TARGET = 14.0;
				LD_RUNPATH_SEARCH_PATHS = (
					"$(inherited)",
					"@executable_path/Frameworks",
				);
				PRODUCT_BUNDLE_IDENTIFIER = "com.royal-green.OnlineShoppingApp-IOS";
				PRODUCT_NAME = "$(TARGET_NAME)";
				SWIFT_VERSION = 5.0;
				TARGETED_DEVICE_FAMILY = "1,2";
			};
			name = Debug;
		};
		E9D0AEA527A265E500C4CAAA /* Release */ = {
			isa = XCBuildConfiguration;
			buildSettings = {
				ASSETCATALOG_COMPILER_APPICON_NAME = AppIcon;
				ASSETCATALOG_COMPILER_GLOBAL_ACCENT_COLOR_NAME = AccentColor;
				CODE_SIGN_STYLE = Automatic;
				DEVELOPMENT_ASSET_PATHS = "\"OnlineShoppingApp-IOS/Preview Content\"";
				DEVELOPMENT_TEAM = S4URTZSW72;
				ENABLE_PREVIEWS = YES;
				INFOPLIST_FILE = "OnlineShoppingApp-IOS/Info.plist";
				IPHONEOS_DEPLOYMENT_TARGET = 14.0;
				LD_RUNPATH_SEARCH_PATHS = (
					"$(inherited)",
					"@executable_path/Frameworks",
				);
				PRODUCT_BUNDLE_IDENTIFIER = "com.royal-green.OnlineShoppingApp-IOS";
				PRODUCT_NAME = "$(TARGET_NAME)";
				SWIFT_VERSION = 5.0;
				TARGETED_DEVICE_FAMILY = "1,2";
			};
			name = Release;
		};
		E9D0AEA727A265E500C4CAAA /* Debug */ = {
			isa = XCBuildConfiguration;
			buildSettings = {
				ALWAYS_EMBED_SWIFT_STANDARD_LIBRARIES = YES;
				BUNDLE_LOADER = "$(TEST_HOST)";
				CODE_SIGN_STYLE = Automatic;
				DEVELOPMENT_TEAM = S4URTZSW72;
				INFOPLIST_FILE = "OnlineShoppingApp-IOSTests/Info.plist";
				IPHONEOS_DEPLOYMENT_TARGET = 14.0;
				LD_RUNPATH_SEARCH_PATHS = (
					"$(inherited)",
					"@executable_path/Frameworks",
					"@loader_path/Frameworks",
				);
				PRODUCT_BUNDLE_IDENTIFIER = "com.royal-green.OnlineShoppingApp-IOSTests";
				PRODUCT_NAME = "$(TARGET_NAME)";
				SWIFT_VERSION = 5.0;
				TARGETED_DEVICE_FAMILY = "1,2";
				TEST_HOST = "$(BUILT_PRODUCTS_DIR)/OnlineShoppingApp-IOS.app/OnlineShoppingApp-IOS";
			};
			name = Debug;
		};
		E9D0AEA827A265E500C4CAAA /* Release */ = {
			isa = XCBuildConfiguration;
			buildSettings = {
				ALWAYS_EMBED_SWIFT_STANDARD_LIBRARIES = YES;
				BUNDLE_LOADER = "$(TEST_HOST)";
				CODE_SIGN_STYLE = Automatic;
				DEVELOPMENT_TEAM = S4URTZSW72;
				INFOPLIST_FILE = "OnlineShoppingApp-IOSTests/Info.plist";
				IPHONEOS_DEPLOYMENT_TARGET = 14.0;
				LD_RUNPATH_SEARCH_PATHS = (
					"$(inherited)",
					"@executable_path/Frameworks",
					"@loader_path/Frameworks",
				);
				PRODUCT_BUNDLE_IDENTIFIER = "com.royal-green.OnlineShoppingApp-IOSTests";
				PRODUCT_NAME = "$(TARGET_NAME)";
				SWIFT_VERSION = 5.0;
				TARGETED_DEVICE_FAMILY = "1,2";
				TEST_HOST = "$(BUILT_PRODUCTS_DIR)/OnlineShoppingApp-IOS.app/OnlineShoppingApp-IOS";
			};
			name = Release;
		};
		E9D0AEAA27A265E500C4CAAA /* Debug */ = {
			isa = XCBuildConfiguration;
			buildSettings = {
				ALWAYS_EMBED_SWIFT_STANDARD_LIBRARIES = YES;
				CODE_SIGN_STYLE = Automatic;
				DEVELOPMENT_TEAM = S4URTZSW72;
				INFOPLIST_FILE = "OnlineShoppingApp-IOSUITests/Info.plist";
				LD_RUNPATH_SEARCH_PATHS = (
					"$(inherited)",
					"@executable_path/Frameworks",
					"@loader_path/Frameworks",
				);
				PRODUCT_BUNDLE_IDENTIFIER = "com.royal-green.OnlineShoppingApp-IOSUITests";
				PRODUCT_NAME = "$(TARGET_NAME)";
				SWIFT_VERSION = 5.0;
				TARGETED_DEVICE_FAMILY = "1,2";
				TEST_TARGET_NAME = "OnlineShoppingApp-IOS";
			};
			name = Debug;
		};
		E9D0AEAB27A265E500C4CAAA /* Release */ = {
			isa = XCBuildConfiguration;
			buildSettings = {
				ALWAYS_EMBED_SWIFT_STANDARD_LIBRARIES = YES;
				CODE_SIGN_STYLE = Automatic;
				DEVELOPMENT_TEAM = S4URTZSW72;
				INFOPLIST_FILE = "OnlineShoppingApp-IOSUITests/Info.plist";
				LD_RUNPATH_SEARCH_PATHS = (
					"$(inherited)",
					"@executable_path/Frameworks",
					"@loader_path/Frameworks",
				);
				PRODUCT_BUNDLE_IDENTIFIER = "com.royal-green.OnlineShoppingApp-IOSUITests";
				PRODUCT_NAME = "$(TARGET_NAME)";
				SWIFT_VERSION = 5.0;
				TARGETED_DEVICE_FAMILY = "1,2";
				TEST_TARGET_NAME = "OnlineShoppingApp-IOS";
			};
			name = Release;
		};
/* End XCBuildConfiguration section */

/* Begin XCConfigurationList section */
		E9D0AE7927A265E400C4CAAA /* Build configuration list for PBXProject "OnlineShoppingApp-IOS" */ = {
			isa = XCConfigurationList;
			buildConfigurations = (
				E9D0AEA127A265E500C4CAAA /* Debug */,
				E9D0AEA227A265E500C4CAAA /* Release */,
			);
			defaultConfigurationIsVisible = 0;
			defaultConfigurationName = Release;
		};
		E9D0AEA327A265E500C4CAAA /* Build configuration list for PBXNativeTarget "OnlineShoppingApp-IOS" */ = {
			isa = XCConfigurationList;
			buildConfigurations = (
				E9D0AEA427A265E500C4CAAA /* Debug */,
				E9D0AEA527A265E500C4CAAA /* Release */,
			);
			defaultConfigurationIsVisible = 0;
			defaultConfigurationName = Release;
		};
		E9D0AEA627A265E500C4CAAA /* Build configuration list for PBXNativeTarget "OnlineShoppingApp-IOSTests" */ = {
			isa = XCConfigurationList;
			buildConfigurations = (
				E9D0AEA727A265E500C4CAAA /* Debug */,
				E9D0AEA827A265E500C4CAAA /* Release */,
			);
			defaultConfigurationIsVisible = 0;
			defaultConfigurationName = Release;
		};
		E9D0AEA927A265E500C4CAAA /* Build configuration list for PBXNativeTarget "OnlineShoppingApp-IOSUITests" */ = {
			isa = XCConfigurationList;
			buildConfigurations = (
				E9D0AEAA27A265E500C4CAAA /* Debug */,
				E9D0AEAB27A265E500C4CAAA /* Release */,
			);
			defaultConfigurationIsVisible = 0;
			defaultConfigurationName = Release;
		};
/* End XCConfigurationList section */
	};
	rootObject = E9D0AE7627A265E400C4CAAA /* Project object */;
}
